{
  "name": "myapp",
  "version": "0.1.0",
  "lockfileVersion": 1,
  "requires": true,
  "dependencies": {
    "history": {
      "version": "4.7.2",
      "resolved": "http://npm-registry.stnts.com/history/-/history-4.7.2.tgz",
      "integrity": "sha1-IrXH8xYzxbgCHH9KipVKwTnujVs=",
      "dev": true,
      "requires": {
        "invariant": "2.2.4",
        "loose-envify": "1.4.0",
        "resolve-pathname": "2.2.0",
        "value-equal": "0.4.0",
        "warning": "3.0.0"
      },
      "dependencies": {
        "warning": {
          "version": "3.0.0",
          "resolved": "http://npm-registry.stnts.com/warning/-/warning-3.0.0.tgz",
          "integrity": "sha1-MuU3fLVy3kqwR1O9+IIcAe1gW3w=",
          "dev": true,
          "requires": {
            "loose-envify": "1.4.0"
          }
        }
      }
    },
    "hoist-non-react-statics": {
      "version": "2.5.5",
      "resolved": "http://npm-registry.stnts.com/hoist-non-react-statics/-/hoist-non-react-statics-2.5.5.tgz",
      "integrity": "sha1-xZA89AnA39kI84jmGdhrnBF0y0c=",
      "dev": true
    },
    "invariant": {
      "version": "2.2.4",
      "resolved": "http://npm-registry.stnts.com/invariant/-/invariant-2.2.4.tgz",
      "integrity": "sha1-YQ88ksk1nOHbYW5TgAjSP/NRWOY=",
      "dev": true,
      "requires": {
        "loose-envify": "1.4.0"
      }
    },
    "isarray": {
      "version": "0.0.1",
      "resolved": "http://npm-registry.stnts.com/isarray/-/isarray-0.0.1.tgz",
      "integrity": "sha1-ihis/Kmo9Bd+Cav8YDiTmwXR7t8=",
      "dev": true
    },
    "js-tokens": {
      "version": "4.0.0",
      "resolved": "http://npm-registry.stnts.com/js-tokens/-/js-tokens-4.0.0.tgz",
      "integrity": "sha1-GSA/tZmR35jjoocFDUZHzerzJJk=",
      "dev": true
    },
    "loose-envify": {
      "version": "1.4.0",
      "resolved": "http://npm-registry.stnts.com/loose-envify/-/loose-envify-1.4.0.tgz",
      "integrity": "sha1-ce5R+nvkyuwaY4OffmgtgTLTDK8=",
      "dev": true,
      "requires": {
        "js-tokens": "4.0.0"
      }
    },
    "object-assign": {
      "version": "4.1.1",
      "resolved": "http://npm-registry.stnts.com/object-assign/-/object-assign-4.1.1.tgz",
      "integrity": "sha1-IQmtx5ZYh8/AXLvUQsrIv7s2CGM=",
      "dev": true
    },
    "path-to-regexp": {
      "version": "1.7.0",
      "resolved": "http://npm-registry.stnts.com/path-to-regexp/-/path-to-regexp-1.7.0.tgz",
      "integrity": "sha1-Wf3g9DW62suhA6hOnTvGTpa5k30=",
      "dev": true,
      "requires": {
        "isarray": "0.0.1"
      }
    },
    "prop-types": {
      "version": "15.6.2",
      "resolved": "http://npm-registry.stnts.com/prop-types/-/prop-types-15.6.2.tgz",
      "integrity": "sha1-BdXKd7RFPphdYPx/+MhZCUpJcQI=",
      "dev": true,
      "requires": {
        "loose-envify": "1.4.0",
        "object-assign": "4.1.1"
      }
    },
    "react-router": {
      "version": "4.3.1",
      "resolved": "http://npm-registry.stnts.com/react-router/-/react-router-4.3.1.tgz",
      "integrity": "sha1-qtpK7xTICcsuaGsFzuR0IjRQbE4=",
      "dev": true,
      "requires": {
        "history": "4.7.2",
        "hoist-non-react-statics": "2.5.5",
        "invariant": "2.2.4",
        "loose-envify": "1.4.0",
        "path-to-regexp": "1.7.0",
        "prop-types": "15.6.2",
        "warning": "4.0.2"
      }
    },
    "react-router-dom": {
      "version": "4.3.1",
      "resolved": "http://npm-registry.stnts.com/react-router-dom/-/react-router-dom-4.3.1.tgz",
      "integrity": "sha1-TCYZ/CTE+ofJ/Rj0+0pD/mP71cY=",
      "dev": true,
      "requires": {
        "history": "4.7.2",
        "invariant": "2.2.4",
        "loose-envify": "1.4.0",
        "prop-types": "15.6.2",
        "react-router": "4.3.1",
        "warning": "4.0.2"
      }
    },
    "resolve-pathname": {
      "version": "2.2.0",
      "resolved": "http://npm-registry.stnts.com/resolve-pathname/-/resolve-pathname-2.2.0.tgz",
      "integrity": "sha1-fpriHtgV/WOrGJre7mTcgx7vqHk=",
      "dev": true
    },
    "value-equal": {
      "version": "0.4.0",
      "resolved": "http://npm-registry.stnts.com/value-equal/-/value-equal-0.4.0.tgz",
      "integrity": "sha1-xb3S9U7gk8BIOdcc4uR1imiQq8c=",
      "dev": true
    },
    "warning": {
      "version": "4.0.2",
      "resolved": "http://npm-registry.stnts.com/warning/-/warning-4.0.2.tgz",
      "integrity": "sha1-qmh2SAhyEW+j4R1DSw0NjZHkRgc=",
      "dev": true,
      "requires": {
        "loose-envify": "1.4.0"
      }
    }
  }
}
